
Microsoft Visual Studio Solution File, Format Version 12.00
# Visual Studio 15
VisualStudioVersion = 15.0.28010.2036
MinimumVisualStudioVersion = 10.0.40219.1
Project("{9A19103F-16F7-4668-BE54-9A1E7A4F7556}") = "PX.API", "PX\PX.API.csproj", "{290FA003-A54B-41A5-8F70-593EB166D460}"
EndProject
Project("{FAE04EC0-301F-11D3-BF4B-00C04F79EFBC}") = "PX.DAL", "PX.DAL\PX.DAL.csproj", "{887C1FBB-10E1-4266-94D7-5BAF6F6F462C}"
EndProject
Global
	GlobalSection(SolutionConfigurationPlatforms) = preSolution
		Debug|Any CPU = Debug|Any CPU
		Release|Any CPU = Release|Any CPU
	EndGlobalSection
	GlobalSection(ProjectConfigurationPlatforms) = postSolution
		{290FA003-A54B-41A5-8F70-593EB166D460}.Debug|Any CPU.ActiveCfg = Debug|Any CPU
		{290FA003-A54B-41A5-8F70-593EB166D460}.Debug|Any CPU.Build.0 = Debug|Any CPU
		{290FA003-A54B-41A5-8F70-593EB166D460}.Release|Any CPU.ActiveCfg = Release|Any CPU
		{290FA003-A54B-41A5-8F70-593EB166D460}.Release|Any CPU.Build.0 = Release|Any CPU
		{887C1FBB-10E1-4266-94D7-5BAF6F6F462C}.Debug|Any CPU.ActiveCfg = Debug|Any CPU
		{887C1FBB-10E1-4266-94D7-5BAF6F6F462C}.Debug|Any CPU.Build.0 = Debug|Any CPU
		{887C1FBB-10E1-4266-94D7-5BAF6F6F462C}.Release|Any CPU.ActiveCfg = Release|Any CPU
		{887C1FBB-10E1-4266-94D7-5BAF6F6F462C}.Release|Any CPU.Build.0 = Release|Any CPU
	EndGlobalSection
	GlobalSection(SolutionProperties) = preSolution
		HideSolutionNode = FALSE
	EndGlobalSection
	GlobalSection(ExtensibilityGlobals) = postSolution
		SolutionGuid = {5822C328-7EB2-4672-A710-17DF0208B3E3}
	EndGlobalSection
EndGlobal
